
Microsoft Visual Studio Solution File, Format Version 12.00
# Visual Studio Version 17
VisualStudioVersion = 17.3.32825.248
MinimumVisualStudioVersion = 10.0.40219.1
Project("{FAE04EC0-301F-11D3-BF4B-00C04F79EFBC}") = "Dugun_Davet", "Dugun_Davet\Dugun_Davet.csproj", "{A0D859F4-472E-4AF5-A634-2E9EDC5F8835}"
EndProject
Global
	GlobalSection(SolutionConfigurationPlatforms) = preSolution
		Debug|Any CPU = Debug|Any CPU
		Release|Any CPU = Release|Any CPU
	EndGlobalSection
	GlobalSection(ProjectConfigurationPlatforms) = postSolution
		{A0D859F4-472E-4AF5-A634-2E9EDC5F8835}.Debug|Any CPU.ActiveCfg = Debug|Any CPU
		{A0D859F4-472E-4AF5-A634-2E9EDC5F8835}.Debug|Any CPU.Build.0 = Debug|Any CPU
		{A0D859F4-472E-4AF5-A634-2E9EDC5F8835}.Release|Any CPU.ActiveCfg = Release|Any CPU
		{A0D859F4-472E-4AF5-A634-2E9EDC5F8835}.Release|Any CPU.Build.0 = Release|Any CPU
	EndGlobalSection
	GlobalSection(SolutionProperties) = preSolution
		HideSolutionNode = FALSE
	EndGlobalSection
	GlobalSection(ExtensibilityGlobals) = postSolution
		SolutionGuid = {A5BA50B5-5CCD-4BE5-87C5-61E04D2A13EA}
	EndGlobalSection
EndGlobal
